// !$*UTF8*$!
{
	archiveVersion = 1;
	classes = {
	};
	objectVersion = 56;
	objects = {

/* Begin PBXBuildFile section */
		2CFC464E298BFCB20003362E /* AppDelegate.swift in Sources */ = {isa = PBXBuildFile; fileRef = 2CFC464D298BFCB20003362E /* AppDelegate.swift */; };
		2CFC4650298BFCB20003362E /* SceneDelegate.swift in Sources */ = {isa = PBXBuildFile; fileRef = 2CFC464F298BFCB20003362E /* SceneDelegate.swift */; };
		2CFC4655298BFCB20003362E /* Main.storyboard in Resources */ = {isa = PBXBuildFile; fileRef = 2CFC4653298BFCB20003362E /* Main.storyboard */; };
		2CFC4657298BFCB20003362E /* Assets.xcassets in Resources */ = {isa = PBXBuildFile; fileRef = 2CFC4656298BFCB20003362E /* Assets.xcassets */; };
		2CFC465A298BFCB20003362E /* LaunchScreen.storyboard in Resources */ = {isa = PBXBuildFile; fileRef = 2CFC4658298BFCB20003362E /* LaunchScreen.storyboard */; };
		2CFCDFFA29926F1D005B7CA7 /* Shapes.swift in Sources */ = {isa = PBXBuildFile; fileRef = 2CFCDFF929926F1D005B7CA7 /* Shapes.swift */; };
		2CFCDFFC29926F26005B7CA7 /* Cards.swift in Sources */ = {isa = PBXBuildFile; fileRef = 2CFCDFFB29926F26005B7CA7 /* Cards.swift */; };
		2CFCE000299271A3005B7CA7 /* BoardGameController.swift in Sources */ = {isa = PBXBuildFile; fileRef = 2CFCDFFF299271A3005B7CA7 /* BoardGameController.swift */; };
		2CFCE003299272A1005B7CA7 /* Card.swift in Sources */ = {isa = PBXBuildFile; fileRef = 2CFCE002299272A1005B7CA7 /* Card.swift */; };
		2CFCE005299273BF005B7CA7 /* Game.swift in Sources */ = {isa = PBXBuildFile; fileRef = 2CFCE004299273BF005B7CA7 /* Game.swift */; };
		2CFCE00829928D6C005B7CA7 /* CardViewFactory.swift in Sources */ = {isa = PBXBuildFile; fileRef = 2CFCE00729928D6C005B7CA7 /* CardViewFactory.swift */; };
/* End PBXBuildFile section */

/* Begin PBXFileReference section */
		2CFC464A298BFCB20003362E /* Cards.app */ = {isa = PBXFileReference; explicitFileType = wrapper.application; includeInIndex = 0; path = Cards.app; sourceTree = BUILT_PRODUCTS_DIR; };
		2CFC464D298BFCB20003362E /* AppDelegate.swift */ = {isa = PBXFileReference; lastKnownFileType = sourcecode.swift; path = AppDelegate.swift; sourceTree = "<group>"; };
		2CFC464F298BFCB20003362E /* SceneDelegate.swift */ = {isa = PBXFileReference; lastKnownFileType = sourcecode.swift; path = SceneDelegate.swift; sourceTree = "<group>"; };
		2CFC4654298BFCB20003362E /* Base */ = {isa = PBXFileReference; lastKnownFileType = file.storyboard; name = Base; path = Base.lproj/Main.storyboard; sourceTree = "<group>"; };
		2CFC4656298BFCB20003362E /* Assets.xcassets */ = {isa = PBXFileReference; lastKnownFileType = folder.assetcatalog; path = Assets.xcassets; sourceTree = "<group>"; };
		2CFC4659298BFCB20003362E /* Base */ = {isa = PBXFileReference; lastKnownFileType = file.storyboard; name = Base; path = Base.lproj/LaunchScreen.storyboard; sourceTree = "<group>"; };
		2CFC465B298BFCB20003362E /* Info.plist */ = {isa = PBXFileReference; lastKnownFileType = text.plist.xml; path = Info.plist; sourceTree = "<group>"; };
		2CFCDFF929926F1D005B7CA7 /* Shapes.swift */ = {isa = PBXFileReference; lastKnownFileType = sourcecode.swift; path = Shapes.swift; sourceTree = "<group>"; };
		2CFCDFFB29926F26005B7CA7 /* Cards.swift */ = {isa = PBXFileReference; lastKnownFileType = sourcecode.swift; path = Cards.swift; sourceTree = "<group>"; };
		2CFCDFFF299271A3005B7CA7 /* BoardGameController.swift */ = {isa = PBXFileReference; lastKnownFileType = sourcecode.swift; path = BoardGameController.swift; sourceTree = "<group>"; };
		2CFCE002299272A1005B7CA7 /* Card.swift */ = {isa = PBXFileReference; lastKnownFileType = sourcecode.swift; path = Card.swift; sourceTree = "<group>"; };
		2CFCE004299273BF005B7CA7 /* Game.swift */ = {isa = PBXFileReference; lastKnownFileType = sourcecode.swift; path = Game.swift; sourceTree = "<group>"; };
		2CFCE00729928D6C005B7CA7 /* CardViewFactory.swift */ = {isa = PBXFileReference; lastKnownFileType = sourcecode.swift; path = CardViewFactory.swift; sourceTree = "<group>"; };
/* End PBXFileReference section */

/* Begin PBXFrameworksBuildPhase section */
		2CFC4647298BFCB20003362E /* Frameworks */ = {
			isa = PBXFrameworksBuildPhase;
			buildActionMask = 2147483647;
			files = (
			);
			runOnlyForDeploymentPostprocessing = 0;
		};
/* End PBXFrameworksBuildPhase section */

/* Begin PBXGroup section */
		2CFC4641298BFCB20003362E = {
			isa = PBXGroup;
			children = (
				2CFC464C298BFCB20003362E /* Cards */,
				2CFC464B298BFCB20003362E /* Products */,
			);
			sourceTree = "<group>";
		};
		2CFC464B298BFCB20003362E /* Products */ = {
			isa = PBXGroup;
			children = (
				2CFC464A298BFCB20003362E /* Cards.app */,
			);
			name = Products;
			sourceTree = "<group>";
		};
		2CFC464C298BFCB20003362E /* Cards */ = {
			isa = PBXGroup;
			children = (
				2CFCE00629928D54005B7CA7 /* Helpers */,
				2CFCE001299271BD005B7CA7 /* Model */,
				2CFCDFFE29927180005B7CA7 /* Controller */,
				2CFCDFF829926F0E005B7CA7 /* View */,
				2CFC464D298BFCB20003362E /* AppDelegate.swift */,
				2CFC464F298BFCB20003362E /* SceneDelegate.swift */,
				2CFC4656298BFCB20003362E /* Assets.xcassets */,
				2CFC465B298BFCB20003362E /* Info.plist */,
			);
			path = Cards;
			sourceTree = "<group>";
		};
		2CFCDFF829926F0E005B7CA7 /* View */ = {
			isa = PBXGroup;
			children = (
				2CFCDFFD29927154005B7CA7 /* Storyboards */,
				2CFCDFF929926F1D005B7CA7 /* Shapes.swift */,
				2CFCDFFB29926F26005B7CA7 /* Cards.swift */,
			);
			path = View;
			sourceTree = "<group>";
		};
		2CFCDFFD29927154005B7CA7 /* Storyboards */ = {
			isa = PBXGroup;
			children = (
				2CFC4653298BFCB20003362E /* Main.storyboard */,
				2CFC4658298BFCB20003362E /* LaunchScreen.storyboard */,
			);
			path = Storyboards;
			sourceTree = "<group>";
		};
		2CFCDFFE29927180005B7CA7 /* Controller */ = {
			isa = PBXGroup;
			children = (
				2CFCDFFF299271A3005B7CA7 /* BoardGameController.swift */,
			);
			path = Controller;
			sourceTree = "<group>";
		};
		2CFCE001299271BD005B7CA7 /* Model */ = {
			isa = PBXGroup;
			children = (
				2CFCE002299272A1005B7CA7 /* Card.swift */,
				2CFCE004299273BF005B7CA7 /* Game.swift */,
			);
			path = Model;
			sourceTree = "<group>";
		};
		2CFCE00629928D54005B7CA7 /* Helpers */ = {
			isa = PBXGroup;
			children = (
				2CFCE00729928D6C005B7CA7 /* CardViewFactory.swift */,
			);
			path = Helpers;
			sourceTree = "<group>";
		};
/* End PBXGroup section */

/* Begin PBXNativeTarget section */
		2CFC4649298BFCB20003362E /* Cards */ = {
			isa = PBXNativeTarget;
			buildConfigurationList = 2CFC465E298BFCB20003362E /* Build configuration list for PBXNativeTarget "Cards" */;
			buildPhases = (
				2CFC4646298BFCB20003362E /* Sources */,
				2CFC4647298BFCB20003362E /* Frameworks */,
				2CFC4648298BFCB20003362E /* Resources */,
			);
			buildRules = (
			);
			dependencies = (
			);
			name = Cards;
			productName = Cards;
			productReference = 2CFC464A298BFCB20003362E /* Cards.app */;
			productType = "com.apple.product-type.application";
		};
/* End PBXNativeTarget section */

/* Begin PBXProject section */
		2CFC4642298BFCB20003362E /* Project object */ = {
			isa = PBXProject;
			attributes = {
				BuildIndependentTargetsInParallel = 1;
				LastSwiftUpdateCheck = 1420;
				LastUpgradeCheck = 1420;
				TargetAttributes = {
					2CFC4649298BFCB20003362E = {
						CreatedOnToolsVersion = 14.2;
					};
				};
			};
			buildConfigurationList = 2CFC4645298BFCB20003362E /* Build configuration list for PBXProject "Cards" */;
			compatibilityVersion = "Xcode 14.0";
			developmentRegion = en;
			hasScannedForEncodings = 0;
			knownRegions = (
				en,
				Base,
			);
			mainGroup = 2CFC4641298BFCB20003362E;
			productRefGroup = 2CFC464B298BFCB20003362E /* Products */;
			projectDirPath = "";
			projectRoot = "";
			targets = (
				2CFC4649298BFCB20003362E /* Cards */,
			);
		};
/* End PBXProject section */

/* Begin PBXResourcesBuildPhase section */
		2CFC4648298BFCB20003362E /* Resources */ = {
			isa = PBXResourcesBuildPhase;
			buildActionMask = 2147483647;
			files = (
				2CFC465A298BFCB20003362E /* LaunchScreen.storyboard in Resources */,
				2CFC4657298BFCB20003362E /* Assets.xcassets in Resources */,
				2CFC4655298BFCB20003362E /* Main.storyboard in Resources */,
			);
			runOnlyForDeploymentPostprocessing = 0;
		};
/* End PBXResourcesBuildPhase section */

/* Begin PBXSourcesBuildPhase section */
		2CFC4646298BFCB20003362E /* Sources */ = {
			isa = PBXSourcesBuildPhase;
			buildActionMask = 2147483647;
			files = (
				2CFCE000299271A3005B7CA7 /* BoardGameController.swift in Sources */,
				2CFCE003299272A1005B7CA7 /* Card.swift in Sources */,
				2CFCE005299273BF005B7CA7 /* Game.swift in Sources */,
				2CFCDFFC29926F26005B7CA7 /* Cards.swift in Sources */,
				2CFC464E298BFCB20003362E /* AppDelegate.swift in Sources */,
				2CFCE00829928D6C005B7CA7 /* CardViewFactory.swift in Sources */,
				2CFC4650298BFCB20003362E /* SceneDelegate.swift in Sources */,
				2CFCDFFA29926F1D005B7CA7 /* Shapes.swift in Sources */,
			);
			runOnlyForDeploymentPostprocessing = 0;
		};
/* End PBXSourcesBuildPhase section */

/* Begin PBXVariantGroup section */
		2CFC4653298BFCB20003362E /* Main.storyboard */ = {
			isa = PBXVariantGroup;
			children = (
				2CFC4654298BFCB20003362E /* Base */,
			);
			name = Main.storyboard;
			sourceTree = "<group>";
		};
		2CFC4658298BFCB20003362E /* LaunchScreen.storyboard */ = {
			isa = PBXVariantGroup;
			children = (
				2CFC4659298BFCB20003362E /* Base */,
			);
			name = LaunchScreen.storyboard;
			sourceTree = "<group>";
		};
/* End PBXVariantGroup section */

/* Begin XCBuildConfiguration section */
		2CFC465C298BFCB20003362E /* Debug */ = {
			isa = XCBuildConfiguration;
			buildSettings = {
				ALWAYS_SEARCH_USER_PATHS = NO;
				CLANG_ANALYZER_NONNULL = YES;
				CLANG_ANALYZER_NUMBER_OBJECT_CONVERSION = YES_AGGRESSIVE;
				CLANG_CXX_LANGUAGE_STANDARD = "gnu++20";
				CLANG_ENABLE_MODULES = YES;
				CLANG_ENABLE_OBJC_ARC = YES;
				CLANG_ENABLE_OBJC_WEAK = YES;
				CLANG_WARN_BLOCK_CAPTURE_AUTORELEASING = YES;
				CLANG_WARN_BOOL_CONVERSION = YES;
				CLANG_WARN_COMMA = YES;
				CLANG_WARN_CONSTANT_CONVERSION = YES;
				CLANG_WARN_DEPRECATED_OBJC_IMPLEMENTATIONS = YES;
				CLANG_WARN_DIRECT_OBJC_ISA_USAGE = YES_ERROR;
				CLANG_WARN_DOCUMENTATION_COMMENTS = YES;
				CLANG_WARN_EMPTY_BODY = YES;
				CLANG_WARN_ENUM_CONVERSION = YES;
				CLANG_WARN_INFINITE_RECURSION = YES;
				CLANG_WARN_INT_CONVERSION = YES;
				CLANG_WARN_NON_LITERAL_NULL_CONVERSION = YES;
				CLANG_WARN_OBJC_IMPLICIT_RETAIN_SELF = YES;
				CLANG_WARN_OBJC_LITERAL_CONVERSION = YES;
				CLANG_WARN_OBJC_ROOT_CLASS = YES_ERROR;
				CLANG_WARN_QUOTED_INCLUDE_IN_FRAMEWORK_HEADER = YES;
				CLANG_WARN_RANGE_LOOP_ANALYSIS = YES;
				CLANG_WARN_STRICT_PROTOTYPES = YES;
				CLANG_WARN_SUSPICIOUS_MOVE = YES;
				CLANG_WARN_UNGUARDED_AVAILABILITY = YES_AGGRESSIVE;
				CLANG_WARN_UNREACHABLE_CODE = YES;
				CLANG_WARN__DUPLICATE_METHOD_MATCH = YES;
				COPY_PHASE_STRIP = NO;
				DEBUG_INFORMATION_FORMAT = dwarf;
				ENABLE_STRICT_OBJC_MSGSEND = YES;
				ENABLE_TESTABILITY = YES;
				GCC_C_LANGUAGE_STANDARD = gnu11;
				GCC_DYNAMIC_NO_PIC = NO;
				GCC_NO_COMMON_BLOCKS = YES;
				GCC_OPTIMIZATION_LEVEL = 0;
				GCC_PREPROCESSOR_DEFINITIONS = (
					"DEBUG=1",
					"$(inherited)",
				);
				GCC_WARN_64_TO_32_BIT_CONVERSION = YES;
				GCC_WARN_ABOUT_RETURN_TYPE = YES_ERROR;
				GCC_WARN_UNDECLARED_SELECTOR = YES;
				GCC_WARN_UNINITIALIZED_AUTOS = YES_AGGRESSIVE;
				GCC_WARN_UNUSED_FUNCTION = YES;
				GCC_WARN_UNUSED_VARIABLE = YES;
				IPHONEOS_DEPLOYMENT_TARGET = 16.2;
				MTL_ENABLE_DEBUG_INFO = INCLUDE_SOURCE;
				MTL_FAST_MATH = YES;
				ONLY_ACTIVE_ARCH = YES;
				SDKROOT = iphoneos;
				SWIFT_ACTIVE_COMPILATION_CONDITIONS = DEBUG;
				SWIFT_OPTIMIZATION_LEVEL = "-Onone";
			};
			name = Debug;
		};
		2CFC465D298BFCB20003362E /* Release */ = {
			isa = XCBuildConfiguration;
			buildSettings = {
				ALWAYS_SEARCH_USER_PATHS = NO;
				CLANG_ANALYZER_NONNULL = YES;
				CLANG_ANALYZER_NUMBER_OBJECT_CONVERSION = YES_AGGRESSIVE;
				CLANG_CXX_LANGUAGE_STANDARD = "gnu++20";
				CLANG_ENABLE_MODULES = YES;
				CLANG_ENABLE_OBJC_ARC = YES;
				CLANG_ENABLE_OBJC_WEAK = YES;
				CLANG_WARN_BLOCK_CAPTURE_AUTORELEASING = YES;
				CLANG_WARN_BOOL_CONVERSION = YES;
				CLANG_WARN_COMMA = YES;
				CLANG_WARN_CONSTANT_CONVERSION = YES;
				CLANG_WARN_DEPRECATED_OBJC_IMPLEMENTATIONS = YES;
				CLANG_WARN_DIRECT_OBJC_ISA_USAGE = YES_ERROR;
				CLANG_WARN_DOCUMENTATION_COMMENTS = YES;
				CLANG_WARN_EMPTY_BODY = YES;
				CLANG_WARN_ENUM_CONVERSION = YES;
				CLANG_WARN_INFINITE_RECURSION = YES;
				CLANG_WARN_INT_CONVERSION = YES;
				CLANG_WARN_NON_LITERAL_NULL_CONVERSION = YES;
				CLANG_WARN_OBJC_IMPLICIT_RETAIN_SELF = YES;
				CLANG_WARN_OBJC_LITERAL_CONVERSION = YES;
				CLANG_WARN_OBJC_ROOT_CLASS = YES_ERROR;
				CLANG_WARN_QUOTED_INCLUDE_IN_FRAMEWORK_HEADER = YES;
				CLANG_WARN_RANGE_LOOP_ANALYSIS = YES;
				CLANG_WARN_STRICT_PROTOTYPES = YES;
				CLANG_WARN_SUSPICIOUS_MOVE = YES;
				CLANG_WARN_UNGUARDED_AVAILABILITY = YES_AGGRESSIVE;
				CLANG_WARN_UNREACHABLE_CODE = YES;
				CLANG_WARN__DUPLICATE_METHOD_MATCH = YES;
				COPY_PHASE_STRIP = NO;
				DEBUG_INFORMATION_FORMAT = "dwarf-with-dsym";
				ENABLE_NS_ASSERTIONS = NO;
				ENABLE_STRICT_OBJC_MSGSEND = YES;
				GCC_C_LANGUAGE_STANDARD = gnu11;
				GCC_NO_COMMON_BLOCKS = YES;
				GCC_WARN_64_TO_32_BIT_CONVERSION = YES;
				GCC_WARN_ABOUT_RETURN_TYPE = YES_ERROR;
				GCC_WARN_UNDECLARED_SELECTOR = YES;
				GCC_WARN_UNINITIALIZED_AUTOS = YES_AGGRESSIVE;
				GCC_WARN_UNUSED_FUNCTION = YES;
				GCC_WARN_UNUSED_VARIABLE = YES;
				IPHONEOS_DEPLOYMENT_TARGET = 16.2;
				MTL_ENABLE_DEBUG_INFO = NO;
				MTL_FAST_MATH = YES;
				SDKROOT = iphoneos;
				SWIFT_COMPILATION_MODE = wholemodule;
				SWIFT_OPTIMIZATION_LEVEL = "-O";
				VALIDATE_PRODUCT = YES;
			};
			name = Release;
		};
		2CFC465F298BFCB20003362E /* Debug */ = {
			isa = XCBuildConfiguration;
			buildSettings = {
				ASSETCATALOG_COMPILER_APPICON_NAME = AppIcon;
				ASSETCATALOG_COMPILER_GLOBAL_ACCENT_COLOR_NAME = AccentColor;
				CODE_SIGN_STYLE = Automatic;
				CURRENT_PROJECT_VERSION = 1;
				DEVELOPMENT_TEAM = UBAUB2CM5M;
				GENERATE_INFOPLIST_FILE = YES;
				INFOPLIST_FILE = Cards/Info.plist;
				INFOPLIST_KEY_UIApplicationSupportsIndirectInputEvents = YES;
				INFOPLIST_KEY_UILaunchStoryboardName = LaunchScreen;
				INFOPLIST_KEY_UIMainStoryboardFile = Main;
				INFOPLIST_KEY_UISupportedInterfaceOrientations_iPad = "UIInterfaceOrientationPortrait UIInterfaceOrientationPortraitUpsideDown UIInterfaceOrientationLandscapeLeft UIInterfaceOrientationLandscapeRight";
				INFOPLIST_KEY_UISupportedInterfaceOrientations_iPhone = "UIInterfaceOrientationPortrait UIInterfaceOrientationLandscapeLeft UIInterfaceOrientationLandscapeRight";
				LD_RUNPATH_SEARCH_PATHS = (
					"$(inherited)",
					"@executable_path/Frameworks",
				);
				MARKETING_VERSION = 1.0;
				PRODUCT_BUNDLE_IDENTIFIER = ru.ivan.Cards;
				PRODUCT_NAME = "$(TARGET_NAME)";
				SUPPORTED_PLATFORMS = "iphoneos iphonesimulator";
				SUPPORTS_MACCATALYST = NO;
				SUPPORTS_MAC_DESIGNED_FOR_IPHONE_IPAD = NO;
				SWIFT_EMIT_LOC_STRINGS = YES;
				SWIFT_VERSION = 5.0;
				TARGETED_DEVICE_FAMILY = 1;
			};
			name = Debug;
		};
		2CFC4660298BFCB20003362E /* Release */ = {
			isa = XCBuildConfiguration;
			buildSettings = {
				ASSETCATALOG_COMPILER_APPICON_NAME = AppIcon;
				ASSETCATALOG_COMPILER_GLOBAL_ACCENT_COLOR_NAME = AccentColor;
				CODE_SIGN_STYLE = Automatic;
				CURRENT_PROJECT_VERSION = 1;
				DEVELOPMENT_TEAM = UBAUB2CM5M;
				GENERATE_INFOPLIST_FILE = YES;
				INFOPLIST_FILE = Cards/Info.plist;
				INFOPLIST_KEY_UIApplicationSupportsIndirectInputEvents = YES;
				INFOPLIST_KEY_UILaunchStoryboardName = LaunchScreen;
				INFOPLIST_KEY_UIMainStoryboardFile = Main;
				INFOPLIST_KEY_UISupportedInterfaceOrientations_iPad = "UIInterfaceOrientationPortrait UIInterfaceOrientationPortraitUpsideDown UIInterfaceOrientationLandscapeLeft UIInterfaceOrientationLandscapeRight";
				INFOPLIST_KEY_UISupportedInterfaceOrientations_iPhone = "UIInterfaceOrientationPortrait UIInterfaceOrientationLandscapeLeft UIInterfaceOrientationLandscapeRight";
				LD_RUNPATH_SEARCH_PATHS = (
					"$(inherited)",
					"@executable_path/Frameworks",
				);
				MARKETING_VERSION = 1.0;
				PRODUCT_BUNDLE_IDENTIFIER = ru.ivan.Cards;
				PRODUCT_NAME = "$(TARGET_NAME)";
				SUPPORTED_PLATFORMS = "iphoneos iphonesimulator";
				SUPPORTS_MACCATALYST = NO;
				SUPPORTS_MAC_DESIGNED_FOR_IPHONE_IPAD = NO;
				SWIFT_EMIT_LOC_STRINGS = YES;
				SWIFT_VERSION = 5.0;
				TARGETED_DEVICE_FAMILY = 1;
			};
			name = Release;
		};
/* End XCBuildConfiguration section */

/* Begin XCConfigurationList section */
		2CFC4645298BFCB20003362E /* Build configuration list for PBXProject "Cards" */ = {
			isa = XCConfigurationList;
			buildConfigurations = (
				2CFC465C298BFCB20003362E /* Debug */,
				2CFC465D298BFCB20003362E /* Release */,
			);
			defaultConfigurationIsVisible = 0;
			defaultConfigurationName = Release;
		};
		2CFC465E298BFCB20003362E /* Build configuration list for PBXNativeTarget "Cards" */ = {
			isa = XCConfigurationList;
			buildConfigurations = (
				2CFC465F298BFCB20003362E /* Debug */,
				2CFC4660298BFCB20003362E /* Release */,
			);
			defaultConfigurationIsVisible = 0;
			defaultConfigurationName = Release;
		};
/* End XCConfigurationList section */
	};
	rootObject = 2CFC4642298BFCB20003362E /* Project object */;
}
